{
  "name": "js-ts",
  "version": "1.0.0",
  "lockfileVersion": 3,
  "requires": true,
  "packages": {
    "": {
      "name": "js-ts",
      "version": "1.0.0",
      "license": "ISC",
      "dependencies": {
        "@webcontainer/api": "^1.5.1-internal.5"
      }
    },
    "node_modules/@webcontainer/api": {
      "version": "1.5.1-internal.5",
      "resolved": "https://registry.npmjs.org/@webcontainer/api/-/api-1.5.1-internal.5.tgz",
      "integrity": "sha512-JN3BdBMwyQW+fmgezpLBJMv2IbWFee1CaJ3sTekdLMAPuy72cMIdUZXf0VQR59yc4JHZKWndHhP1xhCGAAVzFg==",
      "license": "MIT"
    }
  }
}
